{
  "version": 4,
  "terraform_version": "1.7.5",
  "serial": 20,
  "lineage": "9ed5b951-bafe-c773-4192-9307a3c89fbf",
  "outputs": {
    "external_ip_address_app": {
      "value": "51.250.13.216",
      "type": "string"
    }
  },
  "resources": [
    {
      "mode": "managed",
      "type": "yandex_compute_instance",
      "name": "app",
      "provider": "provider[\"registry.terraform.io/yandex-cloud/yandex\"]",
      "instances": [
        {
          "schema_version": 1,
          "attributes": {
            "allow_recreate": null,
            "allow_stopping_for_update": null,
            "boot_disk": [
              {
                "auto_delete": true,
                "device_name": "fhmfrdijm57s1qt7cj6n",
                "disk_id": "fhmfrdijm57s1qt7cj6n",
                "initialize_params": [
                  {
                    "block_size": 4096,
                    "description": "",
                    "image_id": "fd8ovsq4l24lpspdpggl",
                    "name": "",
                    "size": 10,
                    "snapshot_id": "",
                    "type": "network-hdd"
                  }
                ],
                "mode": "READ_WRITE"
              }
            ],
            "created_at": "2024-03-28T14:57:54Z",
            "description": "",
            "filesystem": [],
            "folder_id": "b1gch9mp5o87jlud842j",
            "fqdn": "fhm3dd5tv7ii672mpljn.auto.internal",
            "gpu_cluster_id": "",
            "hostname": "",
            "id": "fhm3dd5tv7ii672mpljn",
            "labels": null,
            "local_disk": [],
            "maintenance_grace_period": "",
            "maintenance_policy": null,
            "metadata": {
              "ssh-keys": "ubuntu:ssh-rsa AAAAB3NzaC1yc2EAAAADAQABAAABgQCuC1XaKjqMpLReTDbwA6wa/Hfw3qCW+JtjGAzglNbZ+f8pFc9yfHAtrSIQaTnSQiXzT5ancMJKHGGZM7GVAPc7XEjcp7zpiJ+CmDs5w0sY74jjooM2t4w3Q3mz5CFshFIYEEmdKmnNVhHjUi8788hL8s80qVGc15ybvNY90Hek587UYHaaL9NLywaGI2c8IeTy4wKmO5K0rFos32Yg3bCr0RKTK7uq9sKn+HcHCKINL3Dr7AfqHQ7HjNZlLN6H0qwA8eYXwzPhd6fqSrLJQivEMwp0ixkDMamgWBvseYefXBBsctMQnWhDkPkcg61AIh50ZKHB+7uKvENpgI/GPPA257dg2xfQbdtfrtanq32hd4Fb1Vodj/3tIgP7R+NpKmLezZT2aTgsnn20mgntYiHvvHGb6+M0R2CL+K/XoOOXuFsAArhOCpU1+zYDl2SchwS/R1yTcKPXT0LemoATYaGCqGTtHS5dftIxuXFv6S6UH+sNqN5tq0YpMBFe9jWkke8= nothing@home\n"
            },
            "metadata_options": [
              {
                "aws_v1_http_endpoint": 1,
                "aws_v1_http_token": 2,
                "gce_http_endpoint": 1,
                "gce_http_token": 1
              }
            ],
            "name": "reddit-app",
            "network_acceleration_type": "standard",
            "network_interface": [
              {
                "dns_record": [],
                "index": 0,
                "ip_address": "10.128.0.7",
                "ipv4": true,
                "ipv6": false,
                "ipv6_address": "",
                "ipv6_dns_record": [],
                "mac_address": "d0:0d:36:b4:bd:f9",
                "nat": true,
                "nat_dns_record": [],
                "nat_ip_address": "51.250.13.216",
                "nat_ip_version": "IPV4",
                "security_group_ids": [],
                "subnet_id": "e9bidm37iq6semtoa4d7"
              }
            ],
            "placement_policy": [
              {
                "host_affinity_rules": [],
                "placement_group_id": "",
                "placement_group_partition": 0
              }
            ],
            "platform_id": "standard-v1",
            "resources": [
              {
                "core_fraction": 100,
                "cores": 2,
                "gpus": 0,
                "memory": 2
              }
            ],
            "scheduling_policy": [
              {
                "preemptible": false
              }
            ],
            "secondary_disk": [],
            "service_account_id": "",
            "status": "running",
            "timeouts": null,
            "zone": "ru-central1-a"
          },
          "sensitive_attributes": [],
          "private": "eyJlMmJmYjczMC1lY2FhLTExZTYtOGY4OC0zNDM2M2JjN2M0YzAiOnsiY3JlYXRlIjozMDAwMDAwMDAwMDAsImRlbGV0ZSI6MzAwMDAwMDAwMDAwLCJ1cGRhdGUiOjMwMDAwMDAwMDAwMH0sInNjaGVtYV92ZXJzaW9uIjoiMSJ9"
        }
      ]
    }
  ],
  "check_results": null
}
